
Microsoft Visual Studio Solution File, Format Version 12.00
Project("{FAE04EC0-301F-11D3-BF4B-00C04F79EFBC}") = "SecretAPI", "SecretAPI\SecretAPI.csproj", "{7B4B7EEF-17DE-40AD-B3F2-53117CAA5B9C}"
EndProject
Project("{FAE04EC0-301F-11D3-BF4B-00C04F79EFBC}") = "SecretAPI.Examples", "SecretAPI.Examples\SecretAPI.Examples.csproj", "{0064C982-5FE1-4B65-82F9-2EEF85651188}"
EndProject
Project("{FAE04EC0-301F-11D3-BF4B-00C04F79EFBC}") = "SecretAPI.CodeGeneration", "SecretAPI.CodeGeneration\SecretAPI.CodeGeneration.csproj", "{8A490E06-9D85-43B5-A886-5B5BB14172D9}"
EndProject
Global
	GlobalSection(SolutionConfigurationPlatforms) = preSolution
		Debug|Any CPU = Debug|Any CPU
		Release|Any CPU = Release|Any CPU
	EndGlobalSection
	GlobalSection(ProjectConfigurationPlatforms) = postSolution
		{7B4B7EEF-17DE-40AD-B3F2-53117CAA5B9C}.Debug|Any CPU.ActiveCfg = Debug|Any CPU
		{7B4B7EEF-17DE-40AD-B3F2-53117CAA5B9C}.Debug|Any CPU.Build.0 = Debug|Any CPU
		{7B4B7EEF-17DE-40AD-B3F2-53117CAA5B9C}.Release|Any CPU.ActiveCfg = Release|Any CPU
		{7B4B7EEF-17DE-40AD-B3F2-53117CAA5B9C}.Release|Any CPU.Build.0 = Release|Any CPU
		{0064C982-5FE1-4B65-82F9-2EEF85651188}.Debug|Any CPU.ActiveCfg = Debug|Any CPU
		{0064C982-5FE1-4B65-82F9-2EEF85651188}.Debug|Any CPU.Build.0 = Debug|Any CPU
		{0064C982-5FE1-4B65-82F9-2EEF85651188}.Release|Any CPU.ActiveCfg = Release|Any CPU
		{0064C982-5FE1-4B65-82F9-2EEF85651188}.Release|Any CPU.Build.0 = Release|Any CPU
		{8A490E06-9D85-43B5-A886-5B5BB14172D9}.Debug|Any CPU.ActiveCfg = Debug|Any CPU
		{8A490E06-9D85-43B5-A886-5B5BB14172D9}.Debug|Any CPU.Build.0 = Debug|Any CPU
		{8A490E06-9D85-43B5-A886-5B5BB14172D9}.Release|Any CPU.ActiveCfg = Release|Any CPU
		{8A490E06-9D85-43B5-A886-5B5BB14172D9}.Release|Any CPU.Build.0 = Release|Any CPU
	EndGlobalSection
EndGlobal
